
Microsoft Visual Studio Solution File, Format Version 12.00
# Visual Studio 15
VisualStudioVersion = 15.0.28010.2026
MinimumVisualStudioVersion = 10.0.40219.1
Project("{8BC9CEB8-8B4A-11D0-8D11-00A0C91BC942}") = "算法与数据结构", "算法与数据结构\算法与数据结构.vcxproj", "{C48246AE-526A-4CC7-BA9D-ECCC4F29D5CB}"
EndProject
Project("{8BC9CEB8-8B4A-11D0-8D11-00A0C91BC942}") = "BinSearch", "BinSearch\BinSearch.vcxproj", "{ECD15BD1-0A62-4FEF-8FDA-EC5C26C3D27A}"
EndProject
Project("{8BC9CEB8-8B4A-11D0-8D11-00A0C91BC942}") = "BubbleSort", "BubbleSort\BubbleSort.vcxproj", "{8DAE5DF9-18EB-4E5B-B205-F6DCA2E071E9}"
EndProject
Project("{8BC9CEB8-8B4A-11D0-8D11-00A0C91BC942}") = "MergeSort", "MergeSort\MergeSort.vcxproj", "{93600E2E-E6C9-463D-BCD9-C485C1D6116E}"
EndProject
Project("{8BC9CEB8-8B4A-11D0-8D11-00A0C91BC942}") = "InsertionSort", "InsertionSort\InsertionSort.vcxproj", "{FB9EB086-772C-48A9-9B21-238C32A8EADC}"
EndProject
Global
	GlobalSection(SolutionConfigurationPlatforms) = preSolution
		Debug|x64 = Debug|x64
		Debug|x86 = Debug|x86
		Release|x64 = Release|x64
		Release|x86 = Release|x86
	EndGlobalSection
	GlobalSection(ProjectConfigurationPlatforms) = postSolution
		{C48246AE-526A-4CC7-BA9D-ECCC4F29D5CB}.Debug|x64.ActiveCfg = Debug|x64
		{C48246AE-526A-4CC7-BA9D-ECCC4F29D5CB}.Debug|x64.Build.0 = Debug|x64
		{C48246AE-526A-4CC7-BA9D-ECCC4F29D5CB}.Debug|x86.ActiveCfg = Debug|Win32
		{C48246AE-526A-4CC7-BA9D-ECCC4F29D5CB}.Debug|x86.Build.0 = Debug|Win32
		{C48246AE-526A-4CC7-BA9D-ECCC4F29D5CB}.Release|x64.ActiveCfg = Release|x64
		{C48246AE-526A-4CC7-BA9D-ECCC4F29D5CB}.Release|x64.Build.0 = Release|x64
		{C48246AE-526A-4CC7-BA9D-ECCC4F29D5CB}.Release|x86.ActiveCfg = Release|Win32
		{C48246AE-526A-4CC7-BA9D-ECCC4F29D5CB}.Release|x86.Build.0 = Release|Win32
		{ECD15BD1-0A62-4FEF-8FDA-EC5C26C3D27A}.Debug|x64.ActiveCfg = Debug|x64
		{ECD15BD1-0A62-4FEF-8FDA-EC5C26C3D27A}.Debug|x64.Build.0 = Debug|x64
		{ECD15BD1-0A62-4FEF-8FDA-EC5C26C3D27A}.Debug|x86.ActiveCfg = Debug|Win32
		{ECD15BD1-0A62-4FEF-8FDA-EC5C26C3D27A}.Debug|x86.Build.0 = Debug|Win32
		{ECD15BD1-0A62-4FEF-8FDA-EC5C26C3D27A}.Release|x64.ActiveCfg = Release|x64
		{ECD15BD1-0A62-4FEF-8FDA-EC5C26C3D27A}.Release|x64.Build.0 = Release|x64
		{ECD15BD1-0A62-4FEF-8FDA-EC5C26C3D27A}.Release|x86.ActiveCfg = Release|Win32
		{ECD15BD1-0A62-4FEF-8FDA-EC5C26C3D27A}.Release|x86.Build.0 = Release|Win32
		{8DAE5DF9-18EB-4E5B-B205-F6DCA2E071E9}.Debug|x64.ActiveCfg = Debug|x64
		{8DAE5DF9-18EB-4E5B-B205-F6DCA2E071E9}.Debug|x64.Build.0 = Debug|x64
		{8DAE5DF9-18EB-4E5B-B205-F6DCA2E071E9}.Debug|x86.ActiveCfg = Debug|Win32
		{8DAE5DF9-18EB-4E5B-B205-F6DCA2E071E9}.Debug|x86.Build.0 = Debug|Win32
		{8DAE5DF9-18EB-4E5B-B205-F6DCA2E071E9}.Release|x64.ActiveCfg = Release|x64
		{8DAE5DF9-18EB-4E5B-B205-F6DCA2E071E9}.Release|x64.Build.0 = Release|x64
		{8DAE5DF9-18EB-4E5B-B205-F6DCA2E071E9}.Release|x86.ActiveCfg = Release|Win32
		{8DAE5DF9-18EB-4E5B-B205-F6DCA2E071E9}.Release|x86.Build.0 = Release|Win32
		{93600E2E-E6C9-463D-BCD9-C485C1D6116E}.Debug|x64.ActiveCfg = Debug|x64
		{93600E2E-E6C9-463D-BCD9-C485C1D6116E}.Debug|x64.Build.0 = Debug|x64
		{93600E2E-E6C9-463D-BCD9-C485C1D6116E}.Debug|x86.ActiveCfg = Debug|Win32
		{93600E2E-E6C9-463D-BCD9-C485C1D6116E}.Debug|x86.Build.0 = Debug|Win32
		{93600E2E-E6C9-463D-BCD9-C485C1D6116E}.Release|x64.ActiveCfg = Release|x64
		{93600E2E-E6C9-463D-BCD9-C485C1D6116E}.Release|x64.Build.0 = Release|x64
		{93600E2E-E6C9-463D-BCD9-C485C1D6116E}.Release|x86.ActiveCfg = Release|Win32
		{93600E2E-E6C9-463D-BCD9-C485C1D6116E}.Release|x86.Build.0 = Release|Win32
		{FB9EB086-772C-48A9-9B21-238C32A8EADC}.Debug|x64.ActiveCfg = Debug|x64
		{FB9EB086-772C-48A9-9B21-238C32A8EADC}.Debug|x64.Build.0 = Debug|x64
		{FB9EB086-772C-48A9-9B21-238C32A8EADC}.Debug|x86.ActiveCfg = Debug|Win32
		{FB9EB086-772C-48A9-9B21-238C32A8EADC}.Debug|x86.Build.0 = Debug|Win32
		{FB9EB086-772C-48A9-9B21-238C32A8EADC}.Release|x64.ActiveCfg = Release|x64
		{FB9EB086-772C-48A9-9B21-238C32A8EADC}.Release|x64.Build.0 = Release|x64
		{FB9EB086-772C-48A9-9B21-238C32A8EADC}.Release|x86.ActiveCfg = Release|Win32
		{FB9EB086-772C-48A9-9B21-238C32A8EADC}.Release|x86.Build.0 = Release|Win32
	EndGlobalSection
	GlobalSection(SolutionProperties) = preSolution
		HideSolutionNode = FALSE
	EndGlobalSection
	GlobalSection(ExtensibilityGlobals) = postSolution
		SolutionGuid = {5915E385-E446-407D-BD04-4D938AF35D45}
	EndGlobalSection
EndGlobal
